
Microsoft Visual Studio Solution File, Format Version 12.00
# Visual Studio Version 17
VisualStudioVersion = 17.0.31903.59
MinimumVisualStudioVersion = 10.0.40219.1
Project("{2150E333-8FDC-42A3-9474-1A3956D46DE8}") = "src", "src", "{827E0CD3-B72D-47B6-A68D-7590B98EB39B}"
EndProject
Project("{FAE04EC0-301F-11D3-BF4B-00C04F79EFBC}") = "OpenTeslaBuyer.Core", "src\OpenTeslaBuyer.Core\OpenTeslaBuyer.Core.csproj", "{A6DB0D18-09AF-4122-A140-E69F09EB6862}"
EndProject
Project("{FAE04EC0-301F-11D3-BF4B-00C04F79EFBC}") = "OpenTeslaBuyer.App", "src\OpenTeslaBuyer.App\OpenTeslaBuyer.App.csproj", "{28713C87-C194-4B48-8E6C-AEAA43F362BE}"
EndProject
Project("{2150E333-8FDC-42A3-9474-1A3956D46DE8}") = "tests", "tests", "{0AB3BF05-4346-4AA6-1389-037BE0695223}"
EndProject
Project("{FAE04EC0-301F-11D3-BF4B-00C04F79EFBC}") = "OpenTeslaBuyer.Core.Tests", "tests\OpenTeslaBuyer.Core.Tests\OpenTeslaBuyer.Core.Tests.csproj", "{E7E2E819-D58B-4C38-A354-0E114768D918}"
EndProject
Global
	GlobalSection(SolutionConfigurationPlatforms) = preSolution
		Debug|Any CPU = Debug|Any CPU
		Debug|x64 = Debug|x64
		Debug|x86 = Debug|x86
		Release|Any CPU = Release|Any CPU
		Release|x64 = Release|x64
		Release|x86 = Release|x86
	EndGlobalSection
	GlobalSection(ProjectConfigurationPlatforms) = postSolution
		{A6DB0D18-09AF-4122-A140-E69F09EB6862}.Debug|Any CPU.ActiveCfg = Debug|Any CPU
		{A6DB0D18-09AF-4122-A140-E69F09EB6862}.Debug|Any CPU.Build.0 = Debug|Any CPU
		{A6DB0D18-09AF-4122-A140-E69F09EB6862}.Debug|x64.ActiveCfg = Debug|Any CPU
		{A6DB0D18-09AF-4122-A140-E69F09EB6862}.Debug|x64.Build.0 = Debug|Any CPU
		{A6DB0D18-09AF-4122-A140-E69F09EB6862}.Debug|x86.ActiveCfg = Debug|Any CPU
		{A6DB0D18-09AF-4122-A140-E69F09EB6862}.Debug|x86.Build.0 = Debug|Any CPU
		{A6DB0D18-09AF-4122-A140-E69F09EB6862}.Release|Any CPU.ActiveCfg = Release|Any CPU
		{A6DB0D18-09AF-4122-A140-E69F09EB6862}.Release|Any CPU.Build.0 = Release|Any CPU
		{A6DB0D18-09AF-4122-A140-E69F09EB6862}.Release|x64.ActiveCfg = Release|Any CPU
		{A6DB0D18-09AF-4122-A140-E69F09EB6862}.Release|x64.Build.0 = Release|Any CPU
		{A6DB0D18-09AF-4122-A140-E69F09EB6862}.Release|x86.ActiveCfg = Release|Any CPU
		{A6DB0D18-09AF-4122-A140-E69F09EB6862}.Release|x86.Build.0 = Release|Any CPU
		{28713C87-C194-4B48-8E6C-AEAA43F362BE}.Debug|Any CPU.ActiveCfg = Debug|Any CPU
		{28713C87-C194-4B48-8E6C-AEAA43F362BE}.Debug|Any CPU.Build.0 = Debug|Any CPU
		{28713C87-C194-4B48-8E6C-AEAA43F362BE}.Debug|x64.ActiveCfg = Debug|Any CPU
		{28713C87-C194-4B48-8E6C-AEAA43F362BE}.Debug|x64.Build.0 = Debug|Any CPU
		{28713C87-C194-4B48-8E6C-AEAA43F362BE}.Debug|x86.ActiveCfg = Debug|Any CPU
		{28713C87-C194-4B48-8E6C-AEAA43F362BE}.Debug|x86.Build.0 = Debug|Any CPU
		{28713C87-C194-4B48-8E6C-AEAA43F362BE}.Release|Any CPU.ActiveCfg = Release|Any CPU
		{28713C87-C194-4B48-8E6C-AEAA43F362BE}.Release|Any CPU.Build.0 = Release|Any CPU
		{28713C87-C194-4B48-8E6C-AEAA43F362BE}.Release|x64.ActiveCfg = Release|Any CPU
		{28713C87-C194-4B48-8E6C-AEAA43F362BE}.Release|x64.Build.0 = Release|Any CPU
		{28713C87-C194-4B48-8E6C-AEAA43F362BE}.Release|x86.ActiveCfg = Release|Any CPU
		{28713C87-C194-4B48-8E6C-AEAA43F362BE}.Release|x86.Build.0 = Release|Any CPU
		{E7E2E819-D58B-4C38-A354-0E114768D918}.Debug|Any CPU.ActiveCfg = Debug|Any CPU
		{E7E2E819-D58B-4C38-A354-0E114768D918}.Debug|Any CPU.Build.0 = Debug|Any CPU
		{E7E2E819-D58B-4C38-A354-0E114768D918}.Debug|x64.ActiveCfg = Debug|Any CPU
		{E7E2E819-D58B-4C38-A354-0E114768D918}.Debug|x64.Build.0 = Debug|Any CPU
		{E7E2E819-D58B-4C38-A354-0E114768D918}.Debug|x86.ActiveCfg = Debug|Any CPU
		{E7E2E819-D58B-4C38-A354-0E114768D918}.Debug|x86.Build.0 = Debug|Any CPU
		{E7E2E819-D58B-4C38-A354-0E114768D918}.Release|Any CPU.ActiveCfg = Release|Any CPU
		{E7E2E819-D58B-4C38-A354-0E114768D918}.Release|Any CPU.Build.0 = Release|Any CPU
		{E7E2E819-D58B-4C38-A354-0E114768D918}.Release|x64.ActiveCfg = Release|Any CPU
		{E7E2E819-D58B-4C38-A354-0E114768D918}.Release|x64.Build.0 = Release|Any CPU
		{E7E2E819-D58B-4C38-A354-0E114768D918}.Release|x86.ActiveCfg = Release|Any CPU
		{E7E2E819-D58B-4C38-A354-0E114768D918}.Release|x86.Build.0 = Release|Any CPU
	EndGlobalSection
	GlobalSection(SolutionProperties) = preSolution
		HideSolutionNode = FALSE
	EndGlobalSection
	GlobalSection(NestedProjects) = preSolution
		{A6DB0D18-09AF-4122-A140-E69F09EB6862} = {827E0CD3-B72D-47B6-A68D-7590B98EB39B}
		{28713C87-C194-4B48-8E6C-AEAA43F362BE} = {827E0CD3-B72D-47B6-A68D-7590B98EB39B}
		{E7E2E819-D58B-4C38-A354-0E114768D918} = {0AB3BF05-4346-4AA6-1389-037BE0695223}
	EndGlobalSection
EndGlobal
